
Microsoft Visual Studio Solution File, Format Version 12.00
# Visual Studio 15
VisualStudioVersion = 15.0.28307.421
MinimumVisualStudioVersion = 10.0.40219.1
Project("{2150E333-8FDC-42A3-9474-1A3956D46DE8}") = "1_demo", "1_demo", "{B04D4832-1F94-3809-908D-5169E64893C3}"
EndProject
Project("{2150E333-8FDC-42A3-9474-1A3956D46DE8}") = "Examples", "Examples", "{22E90398-7CF2-36E2-964C-8432B3CFD74B}"
EndProject
Project("{2150E333-8FDC-42A3-9474-1A3956D46DE8}") = "Tests", "Tests", "{401358AA-1D19-3329-A181-42C3E2561E75}"
EndProject
Project("{8BC9CEB8-8B4A-11D0-8D11-00A0C91BC942}") = "boing", "demo\examples\boing.vcxproj", "{990D5550-3EAB-3FA5-9A8C-B5B48DB5E68C}"
	ProjectSection(ProjectDependencies) = postProject
		{F47A40AA-4671-31D5-B73E-BF17FCA47C86} = {F47A40AA-4671-31D5-B73E-BF17FCA47C86}
	EndProjectSection
EndProject
Project("{8BC9CEB8-8B4A-11D0-8D11-00A0C91BC942}") = "clipboard", "demo\tests\clipboard.vcxproj", "{647FE683-7241-39E7-941A-F17C2462BAA4}"
	ProjectSection(ProjectDependencies) = postProject
		{F47A40AA-4671-31D5-B73E-BF17FCA47C86} = {F47A40AA-4671-31D5-B73E-BF17FCA47C86}
	EndProjectSection
EndProject
Project("{8BC9CEB8-8B4A-11D0-8D11-00A0C91BC942}") = "cursor", "demo\tests\cursor.vcxproj", "{AF836B8A-4483-386B-AE03-50A31D1BCA8F}"
	ProjectSection(ProjectDependencies) = postProject
		{F47A40AA-4671-31D5-B73E-BF17FCA47C86} = {F47A40AA-4671-31D5-B73E-BF17FCA47C86}
	EndProjectSection
EndProject
Project("{8BC9CEB8-8B4A-11D0-8D11-00A0C91BC942}") = "empty", "demo\tests\empty.vcxproj", "{D3732C90-852C-3828-BB7C-1EAB78607776}"
	ProjectSection(ProjectDependencies) = postProject
		{F47A40AA-4671-31D5-B73E-BF17FCA47C86} = {F47A40AA-4671-31D5-B73E-BF17FCA47C86}
	EndProjectSection
EndProject
Project("{8BC9CEB8-8B4A-11D0-8D11-00A0C91BC942}") = "events", "demo\tests\events.vcxproj", "{7042231C-A03A-3BDF-9F3C-C755ECC13776}"
	ProjectSection(ProjectDependencies) = postProject
		{F47A40AA-4671-31D5-B73E-BF17FCA47C86} = {F47A40AA-4671-31D5-B73E-BF17FCA47C86}
	EndProjectSection
EndProject
Project("{8BC9CEB8-8B4A-11D0-8D11-00A0C91BC942}") = "gamma", "demo\tests\gamma.vcxproj", "{B5D29D1B-3177-33CB-96C0-2E946388C0EB}"
	ProjectSection(ProjectDependencies) = postProject
		{F47A40AA-4671-31D5-B73E-BF17FCA47C86} = {F47A40AA-4671-31D5-B73E-BF17FCA47C86}
	EndProjectSection
EndProject
Project("{8BC9CEB8-8B4A-11D0-8D11-00A0C91BC942}") = "gears", "demo\examples\gears.vcxproj", "{550FFB56-665C-3090-9D2E-25E17E647733}"
	ProjectSection(ProjectDependencies) = postProject
		{F47A40AA-4671-31D5-B73E-BF17FCA47C86} = {F47A40AA-4671-31D5-B73E-BF17FCA47C86}
	EndProjectSection
EndProject
Project("{8BC9CEB8-8B4A-11D0-8D11-00A0C91BC942}") = "glfwinfo", "demo\tests\glfwinfo.vcxproj", "{FAF961BF-0333-33F9-96C9-0396AAFF4E51}"
	ProjectSection(ProjectDependencies) = postProject
		{F47A40AA-4671-31D5-B73E-BF17FCA47C86} = {F47A40AA-4671-31D5-B73E-BF17FCA47C86}
	EndProjectSection
EndProject
Project("{8BC9CEB8-8B4A-11D0-8D11-00A0C91BC942}") = "heightmap", "demo\examples\heightmap.vcxproj", "{2D705588-E707-3E5B-B1D3-73055250547B}"
	ProjectSection(ProjectDependencies) = postProject
		{F47A40AA-4671-31D5-B73E-BF17FCA47C86} = {F47A40AA-4671-31D5-B73E-BF17FCA47C86}
	EndProjectSection
EndProject
Project("{8BC9CEB8-8B4A-11D0-8D11-00A0C91BC942}") = "icon", "demo\tests\icon.vcxproj", "{B53571BE-9B60-3CDA-B503-85831B562F9A}"
	ProjectSection(ProjectDependencies) = postProject
		{F47A40AA-4671-31D5-B73E-BF17FCA47C86} = {F47A40AA-4671-31D5-B73E-BF17FCA47C86}
	EndProjectSection
EndProject
Project("{8BC9CEB8-8B4A-11D0-8D11-00A0C91BC942}") = "iconify", "demo\tests\iconify.vcxproj", "{9CEE14F7-673B-31BE-B73F-AA8B1DF90E14}"
	ProjectSection(ProjectDependencies) = postProject
		{F47A40AA-4671-31D5-B73E-BF17FCA47C86} = {F47A40AA-4671-31D5-B73E-BF17FCA47C86}
	EndProjectSection
EndProject
Project("{8BC9CEB8-8B4A-11D0-8D11-00A0C91BC942}") = "inputlag", "demo\tests\inputlag.vcxproj", "{09C4BEAF-6AC4-36B3-A30A-BE052F6C8D5D}"
	ProjectSection(ProjectDependencies) = postProject
		{F47A40AA-4671-31D5-B73E-BF17FCA47C86} = {F47A40AA-4671-31D5-B73E-BF17FCA47C86}
	EndProjectSection
EndProject
Project("{8BC9CEB8-8B4A-11D0-8D11-00A0C91BC942}") = "joysticks", "demo\tests\joysticks.vcxproj", "{5A97E2E5-9D16-3E1F-8E4D-D3D06B7DF531}"
	ProjectSection(ProjectDependencies) = postProject
		{F47A40AA-4671-31D5-B73E-BF17FCA47C86} = {F47A40AA-4671-31D5-B73E-BF17FCA47C86}
	EndProjectSection
EndProject
Project("{8BC9CEB8-8B4A-11D0-8D11-00A0C91BC942}") = "monitors", "demo\tests\monitors.vcxproj", "{07515E73-3FD8-3D22-92AC-5B420F005750}"
	ProjectSection(ProjectDependencies) = postProject
		{F47A40AA-4671-31D5-B73E-BF17FCA47C86} = {F47A40AA-4671-31D5-B73E-BF17FCA47C86}
	EndProjectSection
EndProject
Project("{8BC9CEB8-8B4A-11D0-8D11-00A0C91BC942}") = "msaa", "demo\tests\msaa.vcxproj", "{5420F0CE-3C43-375A-87A2-2A001E5B2938}"
	ProjectSection(ProjectDependencies) = postProject
		{F47A40AA-4671-31D5-B73E-BF17FCA47C86} = {F47A40AA-4671-31D5-B73E-BF17FCA47C86}
	EndProjectSection
EndProject
Project("{8BC9CEB8-8B4A-11D0-8D11-00A0C91BC942}") = "offscreen", "demo\examples\offscreen.vcxproj", "{B9E02793-707C-3797-981E-55B0D8C3EA26}"
	ProjectSection(ProjectDependencies) = postProject
		{F47A40AA-4671-31D5-B73E-BF17FCA47C86} = {F47A40AA-4671-31D5-B73E-BF17FCA47C86}
	EndProjectSection
EndProject
Project("{8BC9CEB8-8B4A-11D0-8D11-00A0C91BC942}") = "opacity", "demo\tests\opacity.vcxproj", "{2EFBE543-B5BA-37B1-A8E0-130A66828136}"
	ProjectSection(ProjectDependencies) = postProject
		{F47A40AA-4671-31D5-B73E-BF17FCA47C86} = {F47A40AA-4671-31D5-B73E-BF17FCA47C86}
	EndProjectSection
EndProject
Project("{8BC9CEB8-8B4A-11D0-8D11-00A0C91BC942}") = "particles", "demo\examples\particles.vcxproj", "{57884A41-F197-32EE-8EC8-5F99E6A81877}"
	ProjectSection(ProjectDependencies) = postProject
		{F47A40AA-4671-31D5-B73E-BF17FCA47C86} = {F47A40AA-4671-31D5-B73E-BF17FCA47C86}
	EndProjectSection
EndProject
Project("{8BC9CEB8-8B4A-11D0-8D11-00A0C91BC942}") = "reopen", "demo\tests\reopen.vcxproj", "{9D22B900-29C6-3D0C-BAEF-6CED8AB6330C}"
	ProjectSection(ProjectDependencies) = postProject
		{F47A40AA-4671-31D5-B73E-BF17FCA47C86} = {F47A40AA-4671-31D5-B73E-BF17FCA47C86}
	EndProjectSection
EndProject
Project("{8BC9CEB8-8B4A-11D0-8D11-00A0C91BC942}") = "sharing", "demo\examples\sharing.vcxproj", "{63772375-BE59-3A23-A461-07DD73085978}"
	ProjectSection(ProjectDependencies) = postProject
		{F47A40AA-4671-31D5-B73E-BF17FCA47C86} = {F47A40AA-4671-31D5-B73E-BF17FCA47C86}
	EndProjectSection
EndProject
Project("{8BC9CEB8-8B4A-11D0-8D11-00A0C91BC942}") = "simple", "demo\examples\simple.vcxproj", "{FFB1AB6B-103C-328F-B262-AF2675C0AD2C}"
	ProjectSection(ProjectDependencies) = postProject
		{F47A40AA-4671-31D5-B73E-BF17FCA47C86} = {F47A40AA-4671-31D5-B73E-BF17FCA47C86}
	EndProjectSection
EndProject
Project("{8BC9CEB8-8B4A-11D0-8D11-00A0C91BC942}") = "splitview", "demo\examples\splitview.vcxproj", "{50F1F4D2-8B58-3590-BD04-E924A948A7EA}"
	ProjectSection(ProjectDependencies) = postProject
		{F47A40AA-4671-31D5-B73E-BF17FCA47C86} = {F47A40AA-4671-31D5-B73E-BF17FCA47C86}
	EndProjectSection
EndProject
Project("{8BC9CEB8-8B4A-11D0-8D11-00A0C91BC942}") = "tearing", "demo\tests\tearing.vcxproj", "{93D0EE73-E617-3F22-A1CB-EE5BEF919581}"
	ProjectSection(ProjectDependencies) = postProject
		{F47A40AA-4671-31D5-B73E-BF17FCA47C86} = {F47A40AA-4671-31D5-B73E-BF17FCA47C86}
	EndProjectSection
EndProject
Project("{8BC9CEB8-8B4A-11D0-8D11-00A0C91BC942}") = "threads", "demo\tests\threads.vcxproj", "{7968BDF3-38B1-3E70-BC8C-C0A7CE5B7FA5}"
	ProjectSection(ProjectDependencies) = postProject
		{F47A40AA-4671-31D5-B73E-BF17FCA47C86} = {F47A40AA-4671-31D5-B73E-BF17FCA47C86}
	EndProjectSection
EndProject
Project("{8BC9CEB8-8B4A-11D0-8D11-00A0C91BC942}") = "timeout", "demo\tests\timeout.vcxproj", "{74BAB6B1-BCA3-3C41-9F78-A11BC033F2A6}"
	ProjectSection(ProjectDependencies) = postProject
		{F47A40AA-4671-31D5-B73E-BF17FCA47C86} = {F47A40AA-4671-31D5-B73E-BF17FCA47C86}
	EndProjectSection
EndProject
Project("{8BC9CEB8-8B4A-11D0-8D11-00A0C91BC942}") = "title", "demo\tests\title.vcxproj", "{C2EC9B2B-6305-3E7A-8276-F80FA96657D2}"
	ProjectSection(ProjectDependencies) = postProject
		{F47A40AA-4671-31D5-B73E-BF17FCA47C86} = {F47A40AA-4671-31D5-B73E-BF17FCA47C86}
	EndProjectSection
EndProject
Project("{8BC9CEB8-8B4A-11D0-8D11-00A0C91BC942}") = "triangle-vulkan", "demo\tests\triangle-vulkan.vcxproj", "{9BC9DDEE-1E41-3DE5-AB5C-D0AA3158ED1E}"
	ProjectSection(ProjectDependencies) = postProject
		{F47A40AA-4671-31D5-B73E-BF17FCA47C86} = {F47A40AA-4671-31D5-B73E-BF17FCA47C86}
	EndProjectSection
EndProject
Project("{8BC9CEB8-8B4A-11D0-8D11-00A0C91BC942}") = "wave", "demo\examples\wave.vcxproj", "{509E1956-9309-399C-9415-691D132B5B31}"
	ProjectSection(ProjectDependencies) = postProject
		{F47A40AA-4671-31D5-B73E-BF17FCA47C86} = {F47A40AA-4671-31D5-B73E-BF17FCA47C86}
	EndProjectSection
EndProject
Project("{8BC9CEB8-8B4A-11D0-8D11-00A0C91BC942}") = "windows", "demo\tests\windows.vcxproj", "{0BC4A743-576D-3076-AB2D-751268D5BFC4}"
	ProjectSection(ProjectDependencies) = postProject
		{F47A40AA-4671-31D5-B73E-BF17FCA47C86} = {F47A40AA-4671-31D5-B73E-BF17FCA47C86}
	EndProjectSection
EndProject
Project("{2150E333-8FDC-42A3-9474-1A3956D46DE8}") = "0_thirdparty", "0_thirdparty", "{E950FB3E-9D7B-4034-9672-00D93F53BADA}"
EndProject
Project("{8BC9CEB8-8B4A-11D0-8D11-00A0C91BC942}") = "glfw", "thirdparty\glfw-3.3.7\glfw.vcxproj", "{F47A40AA-4671-31D5-B73E-BF17FCA47C86}"
EndProject
Project("{8BC9CEB8-8B4A-11D0-8D11-00A0C91BC942}") = "libgetopt", "thirdparty\getopt\libgetopt.vcxproj", "{CBA57C31-6A64-4B51-B22E-5B820B021322}"
EndProject
Project("{8BC9CEB8-8B4A-11D0-8D11-00A0C91BC942}") = "libtinycthread", "thirdparty\tinycthread-1.2\libtinycthread.vcxproj", "{422DEFE9-D526-3075-94B7-87ED8BE6320A}"
EndProject
Project("{8BC9CEB8-8B4A-11D0-8D11-00A0C91BC942}") = "libglfw", "thirdparty\glfw-3.3.7\libglfw.vcxproj", "{EB5B85DD-B07F-496D-9A28-4E7B42BC7576}"
EndProject
Project("{2150E333-8FDC-42A3-9474-1A3956D46DE8}") = "0_lib", "0_lib", "{2467AAA6-A15C-4B2A-B74C-21B3BBE89486}"
EndProject
Project("{2150E333-8FDC-42A3-9474-1A3956D46DE8}") = "1_dll", "1_dll", "{E3ED0E76-0F2A-4CFB-B938-AA70076ABBDF}"
EndProject
Project("{8BC9CEB8-8B4A-11D0-8D11-00A0C91BC942}") = "libglad", "thirdparty\glad\libglad.vcxproj", "{A78DCBC4-077B-4884-A7F4-D9AF70EDB538}"
EndProject
Global
	GlobalSection(SolutionConfigurationPlatforms) = preSolution
		Debug|x64 = Debug|x64
		Release|x64 = Release|x64
	EndGlobalSection
	GlobalSection(ProjectConfigurationPlatforms) = postSolution
		{990D5550-3EAB-3FA5-9A8C-B5B48DB5E68C}.Debug|x64.ActiveCfg = Debug|x64
		{990D5550-3EAB-3FA5-9A8C-B5B48DB5E68C}.Debug|x64.Build.0 = Debug|x64
		{990D5550-3EAB-3FA5-9A8C-B5B48DB5E68C}.Release|x64.ActiveCfg = Release|x64
		{990D5550-3EAB-3FA5-9A8C-B5B48DB5E68C}.Release|x64.Build.0 = Release|x64
		{647FE683-7241-39E7-941A-F17C2462BAA4}.Debug|x64.ActiveCfg = Debug|x64
		{647FE683-7241-39E7-941A-F17C2462BAA4}.Debug|x64.Build.0 = Debug|x64
		{647FE683-7241-39E7-941A-F17C2462BAA4}.Release|x64.ActiveCfg = Release|x64
		{647FE683-7241-39E7-941A-F17C2462BAA4}.Release|x64.Build.0 = Release|x64
		{AF836B8A-4483-386B-AE03-50A31D1BCA8F}.Debug|x64.ActiveCfg = Debug|x64
		{AF836B8A-4483-386B-AE03-50A31D1BCA8F}.Debug|x64.Build.0 = Debug|x64
		{AF836B8A-4483-386B-AE03-50A31D1BCA8F}.Release|x64.ActiveCfg = Release|x64
		{AF836B8A-4483-386B-AE03-50A31D1BCA8F}.Release|x64.Build.0 = Release|x64
		{D3732C90-852C-3828-BB7C-1EAB78607776}.Debug|x64.ActiveCfg = Debug|x64
		{D3732C90-852C-3828-BB7C-1EAB78607776}.Debug|x64.Build.0 = Debug|x64
		{D3732C90-852C-3828-BB7C-1EAB78607776}.Release|x64.ActiveCfg = Release|x64
		{D3732C90-852C-3828-BB7C-1EAB78607776}.Release|x64.Build.0 = Release|x64
		{7042231C-A03A-3BDF-9F3C-C755ECC13776}.Debug|x64.ActiveCfg = Debug|x64
		{7042231C-A03A-3BDF-9F3C-C755ECC13776}.Debug|x64.Build.0 = Debug|x64
		{7042231C-A03A-3BDF-9F3C-C755ECC13776}.Release|x64.ActiveCfg = Release|x64
		{7042231C-A03A-3BDF-9F3C-C755ECC13776}.Release|x64.Build.0 = Release|x64
		{B5D29D1B-3177-33CB-96C0-2E946388C0EB}.Debug|x64.ActiveCfg = Debug|x64
		{B5D29D1B-3177-33CB-96C0-2E946388C0EB}.Debug|x64.Build.0 = Debug|x64
		{B5D29D1B-3177-33CB-96C0-2E946388C0EB}.Release|x64.ActiveCfg = Release|x64
		{B5D29D1B-3177-33CB-96C0-2E946388C0EB}.Release|x64.Build.0 = Release|x64
		{550FFB56-665C-3090-9D2E-25E17E647733}.Debug|x64.ActiveCfg = Debug|x64
		{550FFB56-665C-3090-9D2E-25E17E647733}.Debug|x64.Build.0 = Debug|x64
		{550FFB56-665C-3090-9D2E-25E17E647733}.Release|x64.ActiveCfg = Release|x64
		{550FFB56-665C-3090-9D2E-25E17E647733}.Release|x64.Build.0 = Release|x64
		{FAF961BF-0333-33F9-96C9-0396AAFF4E51}.Debug|x64.ActiveCfg = Debug|x64
		{FAF961BF-0333-33F9-96C9-0396AAFF4E51}.Debug|x64.Build.0 = Debug|x64
		{FAF961BF-0333-33F9-96C9-0396AAFF4E51}.Release|x64.ActiveCfg = Release|x64
		{FAF961BF-0333-33F9-96C9-0396AAFF4E51}.Release|x64.Build.0 = Release|x64
		{2D705588-E707-3E5B-B1D3-73055250547B}.Debug|x64.ActiveCfg = Debug|x64
		{2D705588-E707-3E5B-B1D3-73055250547B}.Debug|x64.Build.0 = Debug|x64
		{2D705588-E707-3E5B-B1D3-73055250547B}.Release|x64.ActiveCfg = Release|x64
		{2D705588-E707-3E5B-B1D3-73055250547B}.Release|x64.Build.0 = Release|x64
		{B53571BE-9B60-3CDA-B503-85831B562F9A}.Debug|x64.ActiveCfg = Debug|x64
		{B53571BE-9B60-3CDA-B503-85831B562F9A}.Debug|x64.Build.0 = Debug|x64
		{B53571BE-9B60-3CDA-B503-85831B562F9A}.Release|x64.ActiveCfg = Release|x64
		{B53571BE-9B60-3CDA-B503-85831B562F9A}.Release|x64.Build.0 = Release|x64
		{9CEE14F7-673B-31BE-B73F-AA8B1DF90E14}.Debug|x64.ActiveCfg = Debug|x64
		{9CEE14F7-673B-31BE-B73F-AA8B1DF90E14}.Debug|x64.Build.0 = Debug|x64
		{9CEE14F7-673B-31BE-B73F-AA8B1DF90E14}.Release|x64.ActiveCfg = Release|x64
		{9CEE14F7-673B-31BE-B73F-AA8B1DF90E14}.Release|x64.Build.0 = Release|x64
		{09C4BEAF-6AC4-36B3-A30A-BE052F6C8D5D}.Debug|x64.ActiveCfg = Debug|x64
		{09C4BEAF-6AC4-36B3-A30A-BE052F6C8D5D}.Debug|x64.Build.0 = Debug|x64
		{09C4BEAF-6AC4-36B3-A30A-BE052F6C8D5D}.Release|x64.ActiveCfg = Release|x64
		{09C4BEAF-6AC4-36B3-A30A-BE052F6C8D5D}.Release|x64.Build.0 = Release|x64
		{5A97E2E5-9D16-3E1F-8E4D-D3D06B7DF531}.Debug|x64.ActiveCfg = Debug|x64
		{5A97E2E5-9D16-3E1F-8E4D-D3D06B7DF531}.Debug|x64.Build.0 = Debug|x64
		{5A97E2E5-9D16-3E1F-8E4D-D3D06B7DF531}.Release|x64.ActiveCfg = Release|x64
		{5A97E2E5-9D16-3E1F-8E4D-D3D06B7DF531}.Release|x64.Build.0 = Release|x64
		{07515E73-3FD8-3D22-92AC-5B420F005750}.Debug|x64.ActiveCfg = Debug|x64
		{07515E73-3FD8-3D22-92AC-5B420F005750}.Debug|x64.Build.0 = Debug|x64
		{07515E73-3FD8-3D22-92AC-5B420F005750}.Release|x64.ActiveCfg = Release|x64
		{07515E73-3FD8-3D22-92AC-5B420F005750}.Release|x64.Build.0 = Release|x64
		{5420F0CE-3C43-375A-87A2-2A001E5B2938}.Debug|x64.ActiveCfg = Debug|x64
		{5420F0CE-3C43-375A-87A2-2A001E5B2938}.Debug|x64.Build.0 = Debug|x64
		{5420F0CE-3C43-375A-87A2-2A001E5B2938}.Release|x64.ActiveCfg = Release|x64
		{5420F0CE-3C43-375A-87A2-2A001E5B2938}.Release|x64.Build.0 = Release|x64
		{B9E02793-707C-3797-981E-55B0D8C3EA26}.Debug|x64.ActiveCfg = Debug|x64
		{B9E02793-707C-3797-981E-55B0D8C3EA26}.Debug|x64.Build.0 = Debug|x64
		{B9E02793-707C-3797-981E-55B0D8C3EA26}.Release|x64.ActiveCfg = Release|x64
		{B9E02793-707C-3797-981E-55B0D8C3EA26}.Release|x64.Build.0 = Release|x64
		{2EFBE543-B5BA-37B1-A8E0-130A66828136}.Debug|x64.ActiveCfg = Debug|x64
		{2EFBE543-B5BA-37B1-A8E0-130A66828136}.Debug|x64.Build.0 = Debug|x64
		{2EFBE543-B5BA-37B1-A8E0-130A66828136}.Release|x64.ActiveCfg = Release|x64
		{2EFBE543-B5BA-37B1-A8E0-130A66828136}.Release|x64.Build.0 = Release|x64
		{57884A41-F197-32EE-8EC8-5F99E6A81877}.Debug|x64.ActiveCfg = Debug|x64
		{57884A41-F197-32EE-8EC8-5F99E6A81877}.Debug|x64.Build.0 = Debug|x64
		{57884A41-F197-32EE-8EC8-5F99E6A81877}.Release|x64.ActiveCfg = Release|x64
		{57884A41-F197-32EE-8EC8-5F99E6A81877}.Release|x64.Build.0 = Release|x64
		{9D22B900-29C6-3D0C-BAEF-6CED8AB6330C}.Debug|x64.ActiveCfg = Debug|x64
		{9D22B900-29C6-3D0C-BAEF-6CED8AB6330C}.Debug|x64.Build.0 = Debug|x64
		{9D22B900-29C6-3D0C-BAEF-6CED8AB6330C}.Release|x64.ActiveCfg = Release|x64
		{9D22B900-29C6-3D0C-BAEF-6CED8AB6330C}.Release|x64.Build.0 = Release|x64
		{63772375-BE59-3A23-A461-07DD73085978}.Debug|x64.ActiveCfg = Debug|x64
		{63772375-BE59-3A23-A461-07DD73085978}.Debug|x64.Build.0 = Debug|x64
		{63772375-BE59-3A23-A461-07DD73085978}.Release|x64.ActiveCfg = Release|x64
		{63772375-BE59-3A23-A461-07DD73085978}.Release|x64.Build.0 = Release|x64
		{FFB1AB6B-103C-328F-B262-AF2675C0AD2C}.Debug|x64.ActiveCfg = Debug|x64
		{FFB1AB6B-103C-328F-B262-AF2675C0AD2C}.Debug|x64.Build.0 = Debug|x64
		{FFB1AB6B-103C-328F-B262-AF2675C0AD2C}.Release|x64.ActiveCfg = Release|x64
		{FFB1AB6B-103C-328F-B262-AF2675C0AD2C}.Release|x64.Build.0 = Release|x64
		{50F1F4D2-8B58-3590-BD04-E924A948A7EA}.Debug|x64.ActiveCfg = Debug|x64
		{50F1F4D2-8B58-3590-BD04-E924A948A7EA}.Debug|x64.Build.0 = Debug|x64
		{50F1F4D2-8B58-3590-BD04-E924A948A7EA}.Release|x64.ActiveCfg = Release|x64
		{50F1F4D2-8B58-3590-BD04-E924A948A7EA}.Release|x64.Build.0 = Release|x64
		{93D0EE73-E617-3F22-A1CB-EE5BEF919581}.Debug|x64.ActiveCfg = Debug|x64
		{93D0EE73-E617-3F22-A1CB-EE5BEF919581}.Debug|x64.Build.0 = Debug|x64
		{93D0EE73-E617-3F22-A1CB-EE5BEF919581}.Release|x64.ActiveCfg = Release|x64
		{93D0EE73-E617-3F22-A1CB-EE5BEF919581}.Release|x64.Build.0 = Release|x64
		{7968BDF3-38B1-3E70-BC8C-C0A7CE5B7FA5}.Debug|x64.ActiveCfg = Debug|x64
		{7968BDF3-38B1-3E70-BC8C-C0A7CE5B7FA5}.Debug|x64.Build.0 = Debug|x64
		{7968BDF3-38B1-3E70-BC8C-C0A7CE5B7FA5}.Release|x64.ActiveCfg = Release|x64
		{7968BDF3-38B1-3E70-BC8C-C0A7CE5B7FA5}.Release|x64.Build.0 = Release|x64
		{74BAB6B1-BCA3-3C41-9F78-A11BC033F2A6}.Debug|x64.ActiveCfg = Debug|x64
		{74BAB6B1-BCA3-3C41-9F78-A11BC033F2A6}.Debug|x64.Build.0 = Debug|x64
		{74BAB6B1-BCA3-3C41-9F78-A11BC033F2A6}.Release|x64.ActiveCfg = Release|x64
		{74BAB6B1-BCA3-3C41-9F78-A11BC033F2A6}.Release|x64.Build.0 = Release|x64
		{C2EC9B2B-6305-3E7A-8276-F80FA96657D2}.Debug|x64.ActiveCfg = Debug|x64
		{C2EC9B2B-6305-3E7A-8276-F80FA96657D2}.Debug|x64.Build.0 = Debug|x64
		{C2EC9B2B-6305-3E7A-8276-F80FA96657D2}.Release|x64.ActiveCfg = Release|x64
		{C2EC9B2B-6305-3E7A-8276-F80FA96657D2}.Release|x64.Build.0 = Release|x64
		{9BC9DDEE-1E41-3DE5-AB5C-D0AA3158ED1E}.Debug|x64.ActiveCfg = Debug|x64
		{9BC9DDEE-1E41-3DE5-AB5C-D0AA3158ED1E}.Debug|x64.Build.0 = Debug|x64
		{9BC9DDEE-1E41-3DE5-AB5C-D0AA3158ED1E}.Release|x64.ActiveCfg = Release|x64
		{9BC9DDEE-1E41-3DE5-AB5C-D0AA3158ED1E}.Release|x64.Build.0 = Release|x64
		{509E1956-9309-399C-9415-691D132B5B31}.Debug|x64.ActiveCfg = Debug|x64
		{509E1956-9309-399C-9415-691D132B5B31}.Debug|x64.Build.0 = Debug|x64
		{509E1956-9309-399C-9415-691D132B5B31}.Release|x64.ActiveCfg = Release|x64
		{509E1956-9309-399C-9415-691D132B5B31}.Release|x64.Build.0 = Release|x64
		{0BC4A743-576D-3076-AB2D-751268D5BFC4}.Debug|x64.ActiveCfg = Debug|x64
		{0BC4A743-576D-3076-AB2D-751268D5BFC4}.Debug|x64.Build.0 = Debug|x64
		{0BC4A743-576D-3076-AB2D-751268D5BFC4}.Release|x64.ActiveCfg = Release|x64
		{0BC4A743-576D-3076-AB2D-751268D5BFC4}.Release|x64.Build.0 = Release|x64
		{F47A40AA-4671-31D5-B73E-BF17FCA47C86}.Debug|x64.ActiveCfg = Debug|x64
		{F47A40AA-4671-31D5-B73E-BF17FCA47C86}.Debug|x64.Build.0 = Debug|x64
		{F47A40AA-4671-31D5-B73E-BF17FCA47C86}.Release|x64.ActiveCfg = Release|x64
		{F47A40AA-4671-31D5-B73E-BF17FCA47C86}.Release|x64.Build.0 = Release|x64
		{CBA57C31-6A64-4B51-B22E-5B820B021322}.Debug|x64.ActiveCfg = Debug|x64
		{CBA57C31-6A64-4B51-B22E-5B820B021322}.Debug|x64.Build.0 = Debug|x64
		{CBA57C31-6A64-4B51-B22E-5B820B021322}.Release|x64.ActiveCfg = Release|x64
		{CBA57C31-6A64-4B51-B22E-5B820B021322}.Release|x64.Build.0 = Release|x64
		{422DEFE9-D526-3075-94B7-87ED8BE6320A}.Debug|x64.ActiveCfg = Debug|x64
		{422DEFE9-D526-3075-94B7-87ED8BE6320A}.Debug|x64.Build.0 = Debug|x64
		{422DEFE9-D526-3075-94B7-87ED8BE6320A}.Release|x64.ActiveCfg = Release|x64
		{422DEFE9-D526-3075-94B7-87ED8BE6320A}.Release|x64.Build.0 = Release|x64
		{EB5B85DD-B07F-496D-9A28-4E7B42BC7576}.Debug|x64.ActiveCfg = Debug|x64
		{EB5B85DD-B07F-496D-9A28-4E7B42BC7576}.Debug|x64.Build.0 = Debug|x64
		{EB5B85DD-B07F-496D-9A28-4E7B42BC7576}.Release|x64.ActiveCfg = Release|x64
		{EB5B85DD-B07F-496D-9A28-4E7B42BC7576}.Release|x64.Build.0 = Release|x64
		{A78DCBC4-077B-4884-A7F4-D9AF70EDB538}.Debug|x64.ActiveCfg = Debug|x64
		{A78DCBC4-077B-4884-A7F4-D9AF70EDB538}.Debug|x64.Build.0 = Debug|x64
		{A78DCBC4-077B-4884-A7F4-D9AF70EDB538}.Release|x64.ActiveCfg = Release|x64
		{A78DCBC4-077B-4884-A7F4-D9AF70EDB538}.Release|x64.Build.0 = Release|x64
	EndGlobalSection
	GlobalSection(SolutionProperties) = preSolution
		HideSolutionNode = FALSE
	EndGlobalSection
	GlobalSection(NestedProjects) = preSolution
		{22E90398-7CF2-36E2-964C-8432B3CFD74B} = {B04D4832-1F94-3809-908D-5169E64893C3}
		{401358AA-1D19-3329-A181-42C3E2561E75} = {B04D4832-1F94-3809-908D-5169E64893C3}
		{990D5550-3EAB-3FA5-9A8C-B5B48DB5E68C} = {22E90398-7CF2-36E2-964C-8432B3CFD74B}
		{647FE683-7241-39E7-941A-F17C2462BAA4} = {401358AA-1D19-3329-A181-42C3E2561E75}
		{AF836B8A-4483-386B-AE03-50A31D1BCA8F} = {401358AA-1D19-3329-A181-42C3E2561E75}
		{D3732C90-852C-3828-BB7C-1EAB78607776} = {401358AA-1D19-3329-A181-42C3E2561E75}
		{7042231C-A03A-3BDF-9F3C-C755ECC13776} = {401358AA-1D19-3329-A181-42C3E2561E75}
		{B5D29D1B-3177-33CB-96C0-2E946388C0EB} = {401358AA-1D19-3329-A181-42C3E2561E75}
		{550FFB56-665C-3090-9D2E-25E17E647733} = {22E90398-7CF2-36E2-964C-8432B3CFD74B}
		{FAF961BF-0333-33F9-96C9-0396AAFF4E51} = {401358AA-1D19-3329-A181-42C3E2561E75}
		{2D705588-E707-3E5B-B1D3-73055250547B} = {22E90398-7CF2-36E2-964C-8432B3CFD74B}
		{B53571BE-9B60-3CDA-B503-85831B562F9A} = {401358AA-1D19-3329-A181-42C3E2561E75}
		{9CEE14F7-673B-31BE-B73F-AA8B1DF90E14} = {401358AA-1D19-3329-A181-42C3E2561E75}
		{09C4BEAF-6AC4-36B3-A30A-BE052F6C8D5D} = {401358AA-1D19-3329-A181-42C3E2561E75}
		{5A97E2E5-9D16-3E1F-8E4D-D3D06B7DF531} = {401358AA-1D19-3329-A181-42C3E2561E75}
		{07515E73-3FD8-3D22-92AC-5B420F005750} = {401358AA-1D19-3329-A181-42C3E2561E75}
		{5420F0CE-3C43-375A-87A2-2A001E5B2938} = {401358AA-1D19-3329-A181-42C3E2561E75}
		{B9E02793-707C-3797-981E-55B0D8C3EA26} = {22E90398-7CF2-36E2-964C-8432B3CFD74B}
		{2EFBE543-B5BA-37B1-A8E0-130A66828136} = {401358AA-1D19-3329-A181-42C3E2561E75}
		{57884A41-F197-32EE-8EC8-5F99E6A81877} = {22E90398-7CF2-36E2-964C-8432B3CFD74B}
		{9D22B900-29C6-3D0C-BAEF-6CED8AB6330C} = {401358AA-1D19-3329-A181-42C3E2561E75}
		{63772375-BE59-3A23-A461-07DD73085978} = {22E90398-7CF2-36E2-964C-8432B3CFD74B}
		{FFB1AB6B-103C-328F-B262-AF2675C0AD2C} = {22E90398-7CF2-36E2-964C-8432B3CFD74B}
		{50F1F4D2-8B58-3590-BD04-E924A948A7EA} = {22E90398-7CF2-36E2-964C-8432B3CFD74B}
		{93D0EE73-E617-3F22-A1CB-EE5BEF919581} = {401358AA-1D19-3329-A181-42C3E2561E75}
		{7968BDF3-38B1-3E70-BC8C-C0A7CE5B7FA5} = {401358AA-1D19-3329-A181-42C3E2561E75}
		{74BAB6B1-BCA3-3C41-9F78-A11BC033F2A6} = {401358AA-1D19-3329-A181-42C3E2561E75}
		{C2EC9B2B-6305-3E7A-8276-F80FA96657D2} = {401358AA-1D19-3329-A181-42C3E2561E75}
		{9BC9DDEE-1E41-3DE5-AB5C-D0AA3158ED1E} = {401358AA-1D19-3329-A181-42C3E2561E75}
		{509E1956-9309-399C-9415-691D132B5B31} = {22E90398-7CF2-36E2-964C-8432B3CFD74B}
		{0BC4A743-576D-3076-AB2D-751268D5BFC4} = {401358AA-1D19-3329-A181-42C3E2561E75}
		{F47A40AA-4671-31D5-B73E-BF17FCA47C86} = {E3ED0E76-0F2A-4CFB-B938-AA70076ABBDF}
		{CBA57C31-6A64-4B51-B22E-5B820B021322} = {2467AAA6-A15C-4B2A-B74C-21B3BBE89486}
		{422DEFE9-D526-3075-94B7-87ED8BE6320A} = {2467AAA6-A15C-4B2A-B74C-21B3BBE89486}
		{EB5B85DD-B07F-496D-9A28-4E7B42BC7576} = {2467AAA6-A15C-4B2A-B74C-21B3BBE89486}
		{2467AAA6-A15C-4B2A-B74C-21B3BBE89486} = {E950FB3E-9D7B-4034-9672-00D93F53BADA}
		{E3ED0E76-0F2A-4CFB-B938-AA70076ABBDF} = {E950FB3E-9D7B-4034-9672-00D93F53BADA}
		{A78DCBC4-077B-4884-A7F4-D9AF70EDB538} = {2467AAA6-A15C-4B2A-B74C-21B3BBE89486}
	EndGlobalSection
	GlobalSection(ExtensibilityGlobals) = postSolution
		SolutionGuid = {F9F1071F-8E4D-3632-9B21-EC7B1368CDE9}
	EndGlobalSection
EndGlobal
